// !$*UTF8*$!
{
	archiveVersion = 1;
	classes = {
	};
	objectVersion = 50;
	objects = {

/* Begin PBXBuildFile section */
		32DEAFC7242F4881005508BA /* main.m in Sources */ = {isa = PBXBuildFile; fileRef = 32DEAFC6242F4881005508BA /* main.m */; };
		32DEAFF1242F4C9D005508BA /* HelperClass.m in Sources */ = {isa = PBXBuildFile; fileRef = 32DEAFE5242F4C9D005508BA /* HelperClass.m */; };
		32DEAFF4242F4C9D005508BA /* NSObject+Additions.m in Sources */ = {isa = PBXBuildFile; fileRef = 32DEAFEB242F4C9D005508BA /* NSObject+Additions.m */; };
		32DEAFF5242F4C9D005508BA /* NSString+Additions.m in Sources */ = {isa = PBXBuildFile; fileRef = 32DEAFED242F4C9D005508BA /* NSString+Additions.m */; };
		32DEAFFD242F554D005508BA /* XcodeDownloads.m in Sources */ = {isa = PBXBuildFile; fileRef = 32DEAFFC242F554D005508BA /* XcodeDownloads.m */; };
/* End PBXBuildFile section */

/* Begin PBXCopyFilesBuildPhase section */
		32DEAFC1242F4880005508BA /* CopyFiles */ = {
			isa = PBXCopyFilesBuildPhase;
			buildActionMask = 2147483647;
			dstPath = /usr/share/man/man1/;
			dstSubfolderSpec = 0;
			files = (
			);
			runOnlyForDeploymentPostprocessing = 1;
		};
/* End PBXCopyFilesBuildPhase section */

/* Begin PBXFileReference section */
		32DEAFC3242F4881005508BA /* nitoClassEnvironmentSetup */ = {isa = PBXFileReference; explicitFileType = "compiled.mach-o.executable"; includeInIndex = 0; path = nitoClassEnvironmentSetup; sourceTree = BUILT_PRODUCTS_DIR; };
		32DEAFC6242F4881005508BA /* main.m */ = {isa = PBXFileReference; lastKnownFileType = sourcecode.c.objc; path = main.m; sourceTree = "<group>"; };
		32DEAFE1242F4C9D005508BA /* Defines.h */ = {isa = PBXFileReference; fileEncoding = 4; lastKnownFileType = sourcecode.c.h; path = Defines.h; sourceTree = "<group>"; };
		32DEAFE4242F4C9D005508BA /* HelperClass.h */ = {isa = PBXFileReference; fileEncoding = 4; lastKnownFileType = sourcecode.c.h; path = HelperClass.h; sourceTree = "<group>"; };
		32DEAFE5242F4C9D005508BA /* HelperClass.m */ = {isa = PBXFileReference; fileEncoding = 4; lastKnownFileType = sourcecode.c.objc; path = HelperClass.m; sourceTree = "<group>"; };
		32DEAFEA242F4C9D005508BA /* NSObject+Additions.h */ = {isa = PBXFileReference; fileEncoding = 4; lastKnownFileType = sourcecode.c.h; path = "NSObject+Additions.h"; sourceTree = "<group>"; };
		32DEAFEB242F4C9D005508BA /* NSObject+Additions.m */ = {isa = PBXFileReference; fileEncoding = 4; lastKnownFileType = sourcecode.c.objc; path = "NSObject+Additions.m"; sourceTree = "<group>"; };
		32DEAFEC242F4C9D005508BA /* NSString+Additions.h */ = {isa = PBXFileReference; fileEncoding = 4; lastKnownFileType = sourcecode.c.h; path = "NSString+Additions.h"; sourceTree = "<group>"; };
		32DEAFED242F4C9D005508BA /* NSString+Additions.m */ = {isa = PBXFileReference; fileEncoding = 4; lastKnownFileType = sourcecode.c.objc; path = "NSString+Additions.m"; sourceTree = "<group>"; };
		32DEAFFB242F554D005508BA /* XcodeDownloads.h */ = {isa = PBXFileReference; lastKnownFileType = sourcecode.c.h; path = XcodeDownloads.h; sourceTree = "<group>"; };
		32DEAFFC242F554D005508BA /* XcodeDownloads.m */ = {isa = PBXFileReference; lastKnownFileType = sourcecode.c.objc; path = XcodeDownloads.m; sourceTree = "<group>"; };
/* End PBXFileReference section */

/* Begin PBXFrameworksBuildPhase section */
		32DEAFC0242F4880005508BA /* Frameworks */ = {
			isa = PBXFrameworksBuildPhase;
			buildActionMask = 2147483647;
			files = (
			);
			runOnlyForDeploymentPostprocessing = 0;
		};
/* End PBXFrameworksBuildPhase section */

/* Begin PBXGroup section */
		32DEAFBA242F4880005508BA = {
			isa = PBXGroup;
			children = (
				32DEAFC5242F4881005508BA /* nitoClassEnvironmentSetup */,
				32DEAFC4242F4881005508BA /* Products */,
			);
			sourceTree = "<group>";
		};
		32DEAFC4242F4881005508BA /* Products */ = {
			isa = PBXGroup;
			children = (
				32DEAFC3242F4881005508BA /* nitoClassEnvironmentSetup */,
			);
			name = Products;
			sourceTree = "<group>";
		};
		32DEAFC5242F4881005508BA /* nitoClassEnvironmentSetup */ = {
			isa = PBXGroup;
			children = (
				32DEAFE0242F4C9D005508BA /* Classes */,
				32DEAFC6242F4881005508BA /* main.m */,
			);
			path = nitoClassEnvironmentSetup;
			sourceTree = "<group>";
		};
		32DEAFE0242F4C9D005508BA /* Classes */ = {
			isa = PBXGroup;
			children = (
				32DEAFF7242F5498005508BA /* Categories */,
				32DEAFE1242F4C9D005508BA /* Defines.h */,
				32DEAFFB242F554D005508BA /* XcodeDownloads.h */,
				32DEAFFC242F554D005508BA /* XcodeDownloads.m */,
				32DEAFE4242F4C9D005508BA /* HelperClass.h */,
				32DEAFE5242F4C9D005508BA /* HelperClass.m */,
			);
			path = Classes;
			sourceTree = "<group>";
		};
		32DEAFF7242F5498005508BA /* Categories */ = {
			isa = PBXGroup;
			children = (
				32DEAFEA242F4C9D005508BA /* NSObject+Additions.h */,
				32DEAFEB242F4C9D005508BA /* NSObject+Additions.m */,
				32DEAFEC242F4C9D005508BA /* NSString+Additions.h */,
				32DEAFED242F4C9D005508BA /* NSString+Additions.m */,
			);
			path = Categories;
			sourceTree = "<group>";
		};
/* End PBXGroup section */

/* Begin PBXNativeTarget section */
		32DEAFC2242F4880005508BA /* nitoClassEnvironmentSetup */ = {
			isa = PBXNativeTarget;
			buildConfigurationList = 32DEAFCA242F4881005508BA /* Build configuration list for PBXNativeTarget "nitoClassEnvironmentSetup" */;
			buildPhases = (
				32DEAFBF242F4880005508BA /* Sources */,
				32DEAFC0242F4880005508BA /* Frameworks */,
				32DEAFC1242F4880005508BA /* CopyFiles */,
			);
			buildRules = (
			);
			dependencies = (
			);
			name = nitoClassEnvironmentSetup;
			productName = nitoClassEnvironmentSetup;
			productReference = 32DEAFC3242F4881005508BA /* nitoClassEnvironmentSetup */;
			productType = "com.apple.product-type.tool";
		};
/* End PBXNativeTarget section */

/* Begin PBXProject section */
		32DEAFBB242F4880005508BA /* Project object */ = {
			isa = PBXProject;
			attributes = {
				LastUpgradeCheck = 1010;
				ORGANIZATIONNAME = nito;
				TargetAttributes = {
					32DEAFC2242F4880005508BA = {
						CreatedOnToolsVersion = 10.1;
					};
				};
			};
			buildConfigurationList = 32DEAFBE242F4880005508BA /* Build configuration list for PBXProject "nitoClassEnvironmentSetup" */;
			compatibilityVersion = "Xcode 9.3";
			developmentRegion = en;
			hasScannedForEncodings = 0;
			knownRegions = (
				en,
			);
			mainGroup = 32DEAFBA242F4880005508BA;
			productRefGroup = 32DEAFC4242F4881005508BA /* Products */;
			projectDirPath = "";
			projectRoot = "";
			targets = (
				32DEAFC2242F4880005508BA /* nitoClassEnvironmentSetup */,
			);
		};
/* End PBXProject section */

/* Begin PBXSourcesBuildPhase section */
		32DEAFBF242F4880005508BA /* Sources */ = {
			isa = PBXSourcesBuildPhase;
			buildActionMask = 2147483647;
			files = (
				32DEAFF5242F4C9D005508BA /* NSString+Additions.m in Sources */,
				32DEAFFD242F554D005508BA /* XcodeDownloads.m in Sources */,
				32DEAFF4242F4C9D005508BA /* NSObject+Additions.m in Sources */,
				32DEAFF1242F4C9D005508BA /* HelperClass.m in Sources */,
				32DEAFC7242F4881005508BA /* main.m in Sources */,
			);
			runOnlyForDeploymentPostprocessing = 0;
		};
/* End PBXSourcesBuildPhase section */

/* Begin XCBuildConfiguration section */
		32DEAFC8242F4881005508BA /* Debug */ = {
			isa = XCBuildConfiguration;
			buildSettings = {
				ALWAYS_SEARCH_USER_PATHS = NO;
				CLANG_ANALYZER_NONNULL = YES;
				CLANG_ANALYZER_NUMBER_OBJECT_CONVERSION = YES_AGGRESSIVE;
				CLANG_CXX_LANGUAGE_STANDARD = "gnu++14";
				CLANG_CXX_LIBRARY = "libc++";
				CLANG_ENABLE_MODULES = YES;
				CLANG_ENABLE_OBJC_ARC = YES;
				CLANG_ENABLE_OBJC_WEAK = YES;
				CLANG_WARN_BLOCK_CAPTURE_AUTORELEASING = YES;
				CLANG_WARN_BOOL_CONVERSION = YES;
				CLANG_WARN_COMMA = YES;
				CLANG_WARN_CONSTANT_CONVERSION = YES;
				CLANG_WARN_DEPRECATED_OBJC_IMPLEMENTATIONS = YES;
				CLANG_WARN_DIRECT_OBJC_ISA_USAGE = YES_ERROR;
				CLANG_WARN_DOCUMENTATION_COMMENTS = YES;
				CLANG_WARN_EMPTY_BODY = YES;
				CLANG_WARN_ENUM_CONVERSION = YES;
				CLANG_WARN_INFINITE_RECURSION = YES;
				CLANG_WARN_INT_CONVERSION = YES;
				CLANG_WARN_NON_LITERAL_NULL_CONVERSION = YES;
				CLANG_WARN_OBJC_IMPLICIT_RETAIN_SELF = YES;
				CLANG_WARN_OBJC_LITERAL_CONVERSION = YES;
				CLANG_WARN_OBJC_ROOT_CLASS = YES_ERROR;
				CLANG_WARN_RANGE_LOOP_ANALYSIS = YES;
				CLANG_WARN_STRICT_PROTOTYPES = YES;
				CLANG_WARN_SUSPICIOUS_MOVE = YES;
				CLANG_WARN_UNGUARDED_AVAILABILITY = YES_AGGRESSIVE;
				CLANG_WARN_UNREACHABLE_CODE = YES;
				CLANG_WARN__DUPLICATE_METHOD_MATCH = YES;
				CODE_SIGN_IDENTITY = "Mac Developer";
				COPY_PHASE_STRIP = NO;
				DEBUG_INFORMATION_FORMAT = dwarf;
				ENABLE_STRICT_OBJC_MSGSEND = YES;
				ENABLE_TESTABILITY = YES;
				GCC_C_LANGUAGE_STANDARD = gnu11;
				GCC_DYNAMIC_NO_PIC = NO;
				GCC_NO_COMMON_BLOCKS = YES;
				GCC_OPTIMIZATION_LEVEL = 0;
				GCC_PREPROCESSOR_DEFINITIONS = (
					"DEBUG=1",
					"$(inherited)",
				);
				GCC_WARN_64_TO_32_BIT_CONVERSION = YES;
				GCC_WARN_ABOUT_DEPRECATED_FUNCTIONS = NO;
				GCC_WARN_ABOUT_RETURN_TYPE = YES_ERROR;
				GCC_WARN_UNDECLARED_SELECTOR = YES;
				GCC_WARN_UNINITIALIZED_AUTOS = YES_AGGRESSIVE;
				GCC_WARN_UNUSED_FUNCTION = YES;
				GCC_WARN_UNUSED_VARIABLE = YES;
				MACOSX_DEPLOYMENT_TARGET = 10.13;
				MTL_ENABLE_DEBUG_INFO = INCLUDE_SOURCE;
				MTL_FAST_MATH = YES;
				ONLY_ACTIVE_ARCH = YES;
				SDKROOT = macosx;
			};
			name = Debug;
		};
		32DEAFC9242F4881005508BA /* Release */ = {
			isa = XCBuildConfiguration;
			buildSettings = {
				ALWAYS_SEARCH_USER_PATHS = NO;
				CLANG_ANALYZER_NONNULL = YES;
				CLANG_ANALYZER_NUMBER_OBJECT_CONVERSION = YES_AGGRESSIVE;
				CLANG_CXX_LANGUAGE_STANDARD = "gnu++14";
				CLANG_CXX_LIBRARY = "libc++";
				CLANG_ENABLE_MODULES = YES;
				CLANG_ENABLE_OBJC_ARC = YES;
				CLANG_ENABLE_OBJC_WEAK = YES;
				CLANG_WARN_BLOCK_CAPTURE_AUTORELEASING = YES;
				CLANG_WARN_BOOL_CONVERSION = YES;
				CLANG_WARN_COMMA = YES;
				CLANG_WARN_CONSTANT_CONVERSION = YES;
				CLANG_WARN_DEPRECATED_OBJC_IMPLEMENTATIONS = YES;
				CLANG_WARN_DIRECT_OBJC_ISA_USAGE = YES_ERROR;
				CLANG_WARN_DOCUMENTATION_COMMENTS = YES;
				CLANG_WARN_EMPTY_BODY = YES;
				CLANG_WARN_ENUM_CONVERSION = YES;
				CLANG_WARN_INFINITE_RECURSION = YES;
				CLANG_WARN_INT_CONVERSION = YES;
				CLANG_WARN_NON_LITERAL_NULL_CONVERSION = YES;
				CLANG_WARN_OBJC_IMPLICIT_RETAIN_SELF = YES;
				CLANG_WARN_OBJC_LITERAL_CONVERSION = YES;
				CLANG_WARN_OBJC_ROOT_CLASS = YES_ERROR;
				CLANG_WARN_RANGE_LOOP_ANALYSIS = YES;
				CLANG_WARN_STRICT_PROTOTYPES = YES;
				CLANG_WARN_SUSPICIOUS_MOVE = YES;
				CLANG_WARN_UNGUARDED_AVAILABILITY = YES_AGGRESSIVE;
				CLANG_WARN_UNREACHABLE_CODE = YES;
				CLANG_WARN__DUPLICATE_METHOD_MATCH = YES;
				CODE_SIGN_IDENTITY = "Mac Developer";
				COPY_PHASE_STRIP = NO;
				DEBUG_INFORMATION_FORMAT = "dwarf-with-dsym";
				ENABLE_NS_ASSERTIONS = NO;
				ENABLE_STRICT_OBJC_MSGSEND = YES;
				GCC_C_LANGUAGE_STANDARD = gnu11;
				GCC_NO_COMMON_BLOCKS = YES;
				GCC_WARN_64_TO_32_BIT_CONVERSION = YES;
				GCC_WARN_ABOUT_DEPRECATED_FUNCTIONS = NO;
				GCC_WARN_ABOUT_RETURN_TYPE = YES_ERROR;
				GCC_WARN_UNDECLARED_SELECTOR = YES;
				GCC_WARN_UNINITIALIZED_AUTOS = YES_AGGRESSIVE;
				GCC_WARN_UNUSED_FUNCTION = YES;
				GCC_WARN_UNUSED_VARIABLE = YES;
				MACOSX_DEPLOYMENT_TARGET = 10.13;
				MTL_ENABLE_DEBUG_INFO = NO;
				MTL_FAST_MATH = YES;
				SDKROOT = macosx;
			};
			name = Release;
		};
		32DEAFCB242F4881005508BA /* Debug */ = {
			isa = XCBuildConfiguration;
			buildSettings = {
				CODE_SIGN_STYLE = Automatic;
				DEVELOPMENT_TEAM = 9EUFEA5U7G;
				GCC_PREFIX_HEADER = "$(SRCROOT)/nitoClassEnvironmentSetup/Classes/Defines.h";
				PRODUCT_NAME = "$(TARGET_NAME)";
			};
			name = Debug;
		};
		32DEAFCC242F4881005508BA /* Release */ = {
			isa = XCBuildConfiguration;
			buildSettings = {
				CODE_SIGN_STYLE = Automatic;
				DEVELOPMENT_TEAM = 9EUFEA5U7G;
				GCC_PREFIX_HEADER = "$(SRCROOT)/nitoClassEnvironmentSetup/Classes/Defines.h";
				PRODUCT_NAME = "$(TARGET_NAME)";
			};
			name = Release;
		};
/* End XCBuildConfiguration section */

/* Begin XCConfigurationList section */
		32DEAFBE242F4880005508BA /* Build configuration list for PBXProject "nitoClassEnvironmentSetup" */ = {
			isa = XCConfigurationList;
			buildConfigurations = (
				32DEAFC8242F4881005508BA /* Debug */,
				32DEAFC9242F4881005508BA /* Release */,
			);
			defaultConfigurationIsVisible = 0;
			defaultConfigurationName = Release;
		};
		32DEAFCA242F4881005508BA /* Build configuration list for PBXNativeTarget "nitoClassEnvironmentSetup" */ = {
			isa = XCConfigurationList;
			buildConfigurations = (
				32DEAFCB242F4881005508BA /* Debug */,
				32DEAFCC242F4881005508BA /* Release */,
			);
			defaultConfigurationIsVisible = 0;
			defaultConfigurationName = Release;
		};
/* End XCConfigurationList section */
	};
	rootObject = 32DEAFBB242F4880005508BA /* Project object */;
}
