// !$*UTF8*$!
{
	archiveVersion = 1;
	classes = {
	};
	objectVersion = 50;
	objects = {

/* Begin PBXBuildFile section */
		3211F26E243072F900B54920 /* AppDelegate.m in Sources */ = {isa = PBXBuildFile; fileRef = 3211F26D243072F900B54920 /* AppDelegate.m */; };
		3211F2702430730000B54920 /* Assets.xcassets in Resources */ = {isa = PBXBuildFile; fileRef = 3211F26F2430730000B54920 /* Assets.xcassets */; };
		3211F2732430730000B54920 /* MainMenu.xib in Resources */ = {isa = PBXBuildFile; fileRef = 3211F2712430730000B54920 /* MainMenu.xib */; };
		3211F2762430730000B54920 /* main.m in Sources */ = {isa = PBXBuildFile; fileRef = 3211F2752430730000B54920 /* main.m */; };
		3211F27B2430730A00B54920 /* NSObject+Additions.m in Sources */ = {isa = PBXBuildFile; fileRef = 32DEAFEB242F4C9D005508BA /* NSObject+Additions.m */; };
		3211F27C2430730D00B54920 /* NSString+Additions.m in Sources */ = {isa = PBXBuildFile; fileRef = 32DEAFED242F4C9D005508BA /* NSString+Additions.m */; };
		3211F27D2430731200B54920 /* XcodeDownloads.m in Sources */ = {isa = PBXBuildFile; fileRef = 32DEAFFC242F554D005508BA /* XcodeDownloads.m */; };
		3211F27E2430731500B54920 /* HelperClass.m in Sources */ = {isa = PBXBuildFile; fileRef = 32DEAFE5242F4C9D005508BA /* HelperClass.m */; };
		3211F2812430735F00B54920 /* Foundation.framework in Frameworks */ = {isa = PBXBuildFile; fileRef = 3211F2802430735F00B54920 /* Foundation.framework */; };
		3211F2832430736500B54920 /* Cocoa.framework in Frameworks */ = {isa = PBXBuildFile; fileRef = 3211F2822430736500B54920 /* Cocoa.framework */; };
		3211F2852430736F00B54920 /* WebKit.framework in Frameworks */ = {isa = PBXBuildFile; fileRef = 3211F2842430736F00B54920 /* WebKit.framework */; };
		322AC8E22434A962009DA791 /* NSData+Base64.m in Sources */ = {isa = PBXBuildFile; fileRef = 322AC8D82434A962009DA791 /* NSData+Base64.m */; };
		322AC8E32434A962009DA791 /* NSData+Base64.m in Sources */ = {isa = PBXBuildFile; fileRef = 322AC8D82434A962009DA791 /* NSData+Base64.m */; };
		322AC8E42434A962009DA791 /* NSData+CommonCrypto.m in Sources */ = {isa = PBXBuildFile; fileRef = 322AC8DA2434A962009DA791 /* NSData+CommonCrypto.m */; };
		322AC8E52434A962009DA791 /* NSData+CommonCrypto.m in Sources */ = {isa = PBXBuildFile; fileRef = 322AC8DA2434A962009DA791 /* NSData+CommonCrypto.m */; };
		322AC8E62434A962009DA791 /* NSData+Crypto.m in Sources */ = {isa = PBXBuildFile; fileRef = 322AC8DC2434A962009DA791 /* NSData+Crypto.m */; };
		322AC8E72434A962009DA791 /* NSData+Crypto.m in Sources */ = {isa = PBXBuildFile; fileRef = 322AC8DC2434A962009DA791 /* NSData+Crypto.m */; };
		322AC8EB2434A9EA009DA791 /* libSystem.tbd in Frameworks */ = {isa = PBXBuildFile; fileRef = 322AC8EA2434A9EA009DA791 /* libSystem.tbd */; };
		322AC8EE2434ACB5009DA791 /* NSData+Flip.mm in Sources */ = {isa = PBXBuildFile; fileRef = 322AC8EC2434ACB5009DA791 /* NSData+Flip.mm */; };
		322AC8EF2434ACB5009DA791 /* NSData+Flip.mm in Sources */ = {isa = PBXBuildFile; fileRef = 322AC8EC2434ACB5009DA791 /* NSData+Flip.mm */; };
		322AC8F22434B334009DA791 /* FileMonitor.m in Sources */ = {isa = PBXBuildFile; fileRef = 322AC8F02434B334009DA791 /* FileMonitor.m */; };
		322AC8F32434B334009DA791 /* FileMonitor.m in Sources */ = {isa = PBXBuildFile; fileRef = 322AC8F02434B334009DA791 /* FileMonitor.m */; };
		32D2FC452436FCA600F81C4C /* EXTRuntimeExtensions.m in Sources */ = {isa = PBXBuildFile; fileRef = 32D2FC412436FCA600F81C4C /* EXTRuntimeExtensions.m */; };
		32D2FC462436FCA600F81C4C /* EXTRuntimeExtensions.m in Sources */ = {isa = PBXBuildFile; fileRef = 32D2FC412436FCA600F81C4C /* EXTRuntimeExtensions.m */; };
		32D2FC472436FCA600F81C4C /* EXTScope.m in Sources */ = {isa = PBXBuildFile; fileRef = 32D2FC432436FCA600F81C4C /* EXTScope.m */; };
		32D2FC482436FCA600F81C4C /* EXTScope.m in Sources */ = {isa = PBXBuildFile; fileRef = 32D2FC432436FCA600F81C4C /* EXTScope.m */; };
		32D2FC4C24370BA100F81C4C /* FindProcess.m in Sources */ = {isa = PBXBuildFile; fileRef = 32D2FC4B24370BA100F81C4C /* FindProcess.m */; };
		32D2FC4D24370BA100F81C4C /* FindProcess.m in Sources */ = {isa = PBXBuildFile; fileRef = 32D2FC4B24370BA100F81C4C /* FindProcess.m */; };
		32DD61C02432C2D2001A76E3 /* WebFrame+Nito.m in Sources */ = {isa = PBXBuildFile; fileRef = 32DD61BB2432C2D2001A76E3 /* WebFrame+Nito.m */; };
		32DD61C12432C2D2001A76E3 /* WebFrame+Nito.m in Sources */ = {isa = PBXBuildFile; fileRef = 32DD61BB2432C2D2001A76E3 /* WebFrame+Nito.m */; };
		32DD61C22432C2D2001A76E3 /* WebCategories.m in Sources */ = {isa = PBXBuildFile; fileRef = 32DD61BD2432C2D2001A76E3 /* WebCategories.m */; };
		32DD61C32432C2D2001A76E3 /* WebCategories.m in Sources */ = {isa = PBXBuildFile; fileRef = 32DD61BD2432C2D2001A76E3 /* WebCategories.m */; };
		32DD61C72432F71A001A76E3 /* nitoClassEnvironmentSetup in Resources */ = {isa = PBXBuildFile; fileRef = 32DEAFC3242F4881005508BA /* nitoClassEnvironmentSetup */; };
		32DD61D12433EBC2001A76E3 /* DownloadOperation.m in Sources */ = {isa = PBXBuildFile; fileRef = 32DD61D02433EBC2001A76E3 /* DownloadOperation.m */; };
		32DD61D22433EBC2001A76E3 /* DownloadOperation.m in Sources */ = {isa = PBXBuildFile; fileRef = 32DD61D02433EBC2001A76E3 /* DownloadOperation.m */; };
		32DD61D524343EC0001A76E3 /* NRFileManager.m in Sources */ = {isa = PBXBuildFile; fileRef = 32DD61D424343EC0001A76E3 /* NRFileManager.m */; };
		32DD61D624343EC0001A76E3 /* NRFileManager.m in Sources */ = {isa = PBXBuildFile; fileRef = 32DD61D424343EC0001A76E3 /* NRFileManager.m */; };
		32DEAFC7242F4881005508BA /* main.m in Sources */ = {isa = PBXBuildFile; fileRef = 32DEAFC6242F4881005508BA /* main.m */; };
		32DEAFF1242F4C9D005508BA /* HelperClass.m in Sources */ = {isa = PBXBuildFile; fileRef = 32DEAFE5242F4C9D005508BA /* HelperClass.m */; };
		32DEAFF4242F4C9D005508BA /* NSObject+Additions.m in Sources */ = {isa = PBXBuildFile; fileRef = 32DEAFEB242F4C9D005508BA /* NSObject+Additions.m */; };
		32DEAFF5242F4C9D005508BA /* NSString+Additions.m in Sources */ = {isa = PBXBuildFile; fileRef = 32DEAFED242F4C9D005508BA /* NSString+Additions.m */; };
		32DEAFFD242F554D005508BA /* XcodeDownloads.m in Sources */ = {isa = PBXBuildFile; fileRef = 32DEAFFC242F554D005508BA /* XcodeDownloads.m */; };
		32F6680C2435A64F00D57D35 /* tester.sh in Resources */ = {isa = PBXBuildFile; fileRef = 32F6680B2435A64F00D57D35 /* tester.sh */; };
/* End PBXBuildFile section */

/* Begin PBXContainerItemProxy section */
		32DD61C52432F710001A76E3 /* PBXContainerItemProxy */ = {
			isa = PBXContainerItemProxy;
			containerPortal = 32DEAFBB242F4880005508BA /* Project object */;
			proxyType = 1;
			remoteGlobalIDString = 32DEAFC2242F4880005508BA;
			remoteInfo = nitoClassEnvironmentSetup;
		};
/* End PBXContainerItemProxy section */

/* Begin PBXCopyFilesBuildPhase section */
		32DEAFC1242F4880005508BA /* CopyFiles */ = {
			isa = PBXCopyFilesBuildPhase;
			buildActionMask = 2147483647;
			dstPath = /usr/share/man/man1/;
			dstSubfolderSpec = 0;
			files = (
			);
			runOnlyForDeploymentPostprocessing = 1;
		};
/* End PBXCopyFilesBuildPhase section */

/* Begin PBXFileReference section */
		3211F26A243072F900B54920 /* nitoClassSetup.app */ = {isa = PBXFileReference; explicitFileType = wrapper.application; includeInIndex = 0; path = nitoClassSetup.app; sourceTree = BUILT_PRODUCTS_DIR; };
		3211F26C243072F900B54920 /* AppDelegate.h */ = {isa = PBXFileReference; lastKnownFileType = sourcecode.c.h; path = AppDelegate.h; sourceTree = "<group>"; };
		3211F26D243072F900B54920 /* AppDelegate.m */ = {isa = PBXFileReference; lastKnownFileType = sourcecode.c.objc; path = AppDelegate.m; sourceTree = "<group>"; };
		3211F26F2430730000B54920 /* Assets.xcassets */ = {isa = PBXFileReference; lastKnownFileType = folder.assetcatalog; path = Assets.xcassets; sourceTree = "<group>"; };
		3211F2722430730000B54920 /* Base */ = {isa = PBXFileReference; lastKnownFileType = file.xib; name = Base; path = Base.lproj/MainMenu.xib; sourceTree = "<group>"; };
		3211F2742430730000B54920 /* Info.plist */ = {isa = PBXFileReference; lastKnownFileType = text.plist.xml; path = Info.plist; sourceTree = "<group>"; };
		3211F2752430730000B54920 /* main.m */ = {isa = PBXFileReference; lastKnownFileType = sourcecode.c.objc; path = main.m; sourceTree = "<group>"; };
		3211F2772430730000B54920 /* nitoClassSetup.entitlements */ = {isa = PBXFileReference; lastKnownFileType = text.plist.entitlements; path = nitoClassSetup.entitlements; sourceTree = "<group>"; };
		3211F2802430735F00B54920 /* Foundation.framework */ = {isa = PBXFileReference; lastKnownFileType = wrapper.framework; name = Foundation.framework; path = System/Library/Frameworks/Foundation.framework; sourceTree = SDKROOT; };
		3211F2822430736500B54920 /* Cocoa.framework */ = {isa = PBXFileReference; lastKnownFileType = wrapper.framework; name = Cocoa.framework; path = System/Library/Frameworks/Cocoa.framework; sourceTree = SDKROOT; };
		3211F2842430736F00B54920 /* WebKit.framework */ = {isa = PBXFileReference; lastKnownFileType = wrapper.framework; name = WebKit.framework; path = System/Library/Frameworks/WebKit.framework; sourceTree = SDKROOT; };
		322AC8D22434A962009DA791 /* CommonCryptor.h */ = {isa = PBXFileReference; fileEncoding = 4; lastKnownFileType = sourcecode.c.h; path = CommonCryptor.h; sourceTree = "<group>"; };
		322AC8D32434A962009DA791 /* CommonDigest.h */ = {isa = PBXFileReference; fileEncoding = 4; lastKnownFileType = sourcecode.c.h; path = CommonDigest.h; sourceTree = "<group>"; };
		322AC8D42434A962009DA791 /* CommonHMAC.h */ = {isa = PBXFileReference; fileEncoding = 4; lastKnownFileType = sourcecode.c.h; path = CommonHMAC.h; sourceTree = "<group>"; };
		322AC8D72434A962009DA791 /* NSData+Base64.h */ = {isa = PBXFileReference; fileEncoding = 4; lastKnownFileType = sourcecode.c.h; path = "NSData+Base64.h"; sourceTree = "<group>"; };
		322AC8D82434A962009DA791 /* NSData+Base64.m */ = {isa = PBXFileReference; fileEncoding = 4; lastKnownFileType = sourcecode.c.objc; path = "NSData+Base64.m"; sourceTree = "<group>"; };
		322AC8D92434A962009DA791 /* NSData+CommonCrypto.h */ = {isa = PBXFileReference; fileEncoding = 4; lastKnownFileType = sourcecode.c.h; path = "NSData+CommonCrypto.h"; sourceTree = "<group>"; };
		322AC8DA2434A962009DA791 /* NSData+CommonCrypto.m */ = {isa = PBXFileReference; fileEncoding = 4; lastKnownFileType = sourcecode.c.objc; path = "NSData+CommonCrypto.m"; sourceTree = "<group>"; };
		322AC8DB2434A962009DA791 /* NSData+Crypto.h */ = {isa = PBXFileReference; fileEncoding = 4; lastKnownFileType = sourcecode.c.h; path = "NSData+Crypto.h"; sourceTree = "<group>"; };
		322AC8DC2434A962009DA791 /* NSData+Crypto.m */ = {isa = PBXFileReference; fileEncoding = 4; lastKnownFileType = sourcecode.c.objc; path = "NSData+Crypto.m"; sourceTree = "<group>"; };
		322AC8E82434A983009DA791 /* libcommonCrypto.tbd */ = {isa = PBXFileReference; lastKnownFileType = "sourcecode.text-based-dylib-definition"; name = libcommonCrypto.tbd; path = usr/lib/system/libcommonCrypto.tbd; sourceTree = SDKROOT; };
		322AC8EA2434A9EA009DA791 /* libSystem.tbd */ = {isa = PBXFileReference; lastKnownFileType = "sourcecode.text-based-dylib-definition"; name = libSystem.tbd; path = usr/lib/libSystem.tbd; sourceTree = SDKROOT; };
		322AC8EC2434ACB5009DA791 /* NSData+Flip.mm */ = {isa = PBXFileReference; fileEncoding = 4; lastKnownFileType = sourcecode.cpp.objcpp; path = "NSData+Flip.mm"; sourceTree = "<group>"; };
		322AC8ED2434ACB5009DA791 /* NSData+Flip.h */ = {isa = PBXFileReference; fileEncoding = 4; lastKnownFileType = sourcecode.c.h; path = "NSData+Flip.h"; sourceTree = "<group>"; };
		322AC8F02434B334009DA791 /* FileMonitor.m */ = {isa = PBXFileReference; fileEncoding = 4; lastKnownFileType = sourcecode.c.objc; path = FileMonitor.m; sourceTree = "<group>"; };
		322AC8F12434B334009DA791 /* FileMonitor.h */ = {isa = PBXFileReference; fileEncoding = 4; lastKnownFileType = sourcecode.c.h; path = FileMonitor.h; sourceTree = "<group>"; };
		32D2FC3F2436FCA600F81C4C /* EXTKeyPathCoding.h */ = {isa = PBXFileReference; fileEncoding = 4; lastKnownFileType = sourcecode.c.h; path = EXTKeyPathCoding.h; sourceTree = "<group>"; };
		32D2FC402436FCA600F81C4C /* EXTRuntimeExtensions.h */ = {isa = PBXFileReference; fileEncoding = 4; lastKnownFileType = sourcecode.c.h; path = EXTRuntimeExtensions.h; sourceTree = "<group>"; };
		32D2FC412436FCA600F81C4C /* EXTRuntimeExtensions.m */ = {isa = PBXFileReference; fileEncoding = 4; lastKnownFileType = sourcecode.c.objc; path = EXTRuntimeExtensions.m; sourceTree = "<group>"; };
		32D2FC422436FCA600F81C4C /* EXTScope.h */ = {isa = PBXFileReference; fileEncoding = 4; lastKnownFileType = sourcecode.c.h; path = EXTScope.h; sourceTree = "<group>"; };
		32D2FC432436FCA600F81C4C /* EXTScope.m */ = {isa = PBXFileReference; fileEncoding = 4; lastKnownFileType = sourcecode.c.objc; path = EXTScope.m; sourceTree = "<group>"; };
		32D2FC442436FCA600F81C4C /* metamacros.h */ = {isa = PBXFileReference; fileEncoding = 4; lastKnownFileType = sourcecode.c.h; path = metamacros.h; sourceTree = "<group>"; };
		32D2FC4A24370BA100F81C4C /* FindProcess.h */ = {isa = PBXFileReference; fileEncoding = 4; lastKnownFileType = sourcecode.c.h; path = FindProcess.h; sourceTree = "<group>"; };
		32D2FC4B24370BA100F81C4C /* FindProcess.m */ = {isa = PBXFileReference; fileEncoding = 4; lastKnownFileType = sourcecode.c.objc; path = FindProcess.m; sourceTree = "<group>"; };
		32DD61B82432C2D2001A76E3 /* WebFrame+Nito.h */ = {isa = PBXFileReference; fileEncoding = 4; lastKnownFileType = sourcecode.c.h; path = "WebFrame+Nito.h"; sourceTree = "<group>"; };
		32DD61BA2432C2D2001A76E3 /* WebCategories.h */ = {isa = PBXFileReference; fileEncoding = 4; lastKnownFileType = sourcecode.c.h; path = WebCategories.h; sourceTree = "<group>"; };
		32DD61BB2432C2D2001A76E3 /* WebFrame+Nito.m */ = {isa = PBXFileReference; fileEncoding = 4; lastKnownFileType = sourcecode.c.objc; path = "WebFrame+Nito.m"; sourceTree = "<group>"; };
		32DD61BD2432C2D2001A76E3 /* WebCategories.m */ = {isa = PBXFileReference; fileEncoding = 4; lastKnownFileType = sourcecode.c.objc; path = WebCategories.m; sourceTree = "<group>"; };
		32DD61C42432C3DB001A76E3 /* WebPrivate.h */ = {isa = PBXFileReference; lastKnownFileType = sourcecode.c.h; path = WebPrivate.h; sourceTree = "<group>"; };
		32DD61CF2433EBC2001A76E3 /* DownloadOperation.h */ = {isa = PBXFileReference; fileEncoding = 4; lastKnownFileType = sourcecode.c.h; path = DownloadOperation.h; sourceTree = "<group>"; };
		32DD61D02433EBC2001A76E3 /* DownloadOperation.m */ = {isa = PBXFileReference; fileEncoding = 4; lastKnownFileType = sourcecode.c.objc; path = DownloadOperation.m; sourceTree = "<group>"; };
		32DD61D324343EC0001A76E3 /* NRFileManager.h */ = {isa = PBXFileReference; lastKnownFileType = sourcecode.c.h; path = NRFileManager.h; sourceTree = "<group>"; };
		32DD61D424343EC0001A76E3 /* NRFileManager.m */ = {isa = PBXFileReference; lastKnownFileType = sourcecode.c.objc; path = NRFileManager.m; sourceTree = "<group>"; };
		32DEAFC3242F4881005508BA /* nitoClassEnvironmentSetup */ = {isa = PBXFileReference; explicitFileType = "compiled.mach-o.executable"; includeInIndex = 0; path = nitoClassEnvironmentSetup; sourceTree = BUILT_PRODUCTS_DIR; };
		32DEAFC6242F4881005508BA /* main.m */ = {isa = PBXFileReference; lastKnownFileType = sourcecode.c.objc; path = main.m; sourceTree = "<group>"; };
		32DEAFE1242F4C9D005508BA /* Defines.h */ = {isa = PBXFileReference; fileEncoding = 4; lastKnownFileType = sourcecode.c.h; path = Defines.h; sourceTree = "<group>"; };
		32DEAFE4242F4C9D005508BA /* HelperClass.h */ = {isa = PBXFileReference; fileEncoding = 4; lastKnownFileType = sourcecode.c.h; path = HelperClass.h; sourceTree = "<group>"; };
		32DEAFE5242F4C9D005508BA /* HelperClass.m */ = {isa = PBXFileReference; fileEncoding = 4; lastKnownFileType = sourcecode.c.objc; path = HelperClass.m; sourceTree = "<group>"; };
		32DEAFEA242F4C9D005508BA /* NSObject+Additions.h */ = {isa = PBXFileReference; fileEncoding = 4; lastKnownFileType = sourcecode.c.h; path = "NSObject+Additions.h"; sourceTree = "<group>"; };
		32DEAFEB242F4C9D005508BA /* NSObject+Additions.m */ = {isa = PBXFileReference; fileEncoding = 4; lastKnownFileType = sourcecode.c.objc; path = "NSObject+Additions.m"; sourceTree = "<group>"; };
		32DEAFEC242F4C9D005508BA /* NSString+Additions.h */ = {isa = PBXFileReference; fileEncoding = 4; lastKnownFileType = sourcecode.c.h; path = "NSString+Additions.h"; sourceTree = "<group>"; };
		32DEAFED242F4C9D005508BA /* NSString+Additions.m */ = {isa = PBXFileReference; fileEncoding = 4; lastKnownFileType = sourcecode.c.objc; path = "NSString+Additions.m"; sourceTree = "<group>"; };
		32DEAFFB242F554D005508BA /* XcodeDownloads.h */ = {isa = PBXFileReference; lastKnownFileType = sourcecode.c.h; path = XcodeDownloads.h; sourceTree = "<group>"; };
		32DEAFFC242F554D005508BA /* XcodeDownloads.m */ = {isa = PBXFileReference; lastKnownFileType = sourcecode.c.objc; path = XcodeDownloads.m; sourceTree = "<group>"; };
		32F6680B2435A64F00D57D35 /* tester.sh */ = {isa = PBXFileReference; fileEncoding = 4; lastKnownFileType = text.script.sh; name = tester.sh; path = ../../../../../tester.sh; sourceTree = "<group>"; };
/* End PBXFileReference section */

/* Begin PBXFrameworksBuildPhase section */
		3211F267243072F900B54920 /* Frameworks */ = {
			isa = PBXFrameworksBuildPhase;
			buildActionMask = 2147483647;
			files = (
				322AC8EB2434A9EA009DA791 /* libSystem.tbd in Frameworks */,
				3211F2852430736F00B54920 /* WebKit.framework in Frameworks */,
				3211F2832430736500B54920 /* Cocoa.framework in Frameworks */,
				3211F2812430735F00B54920 /* Foundation.framework in Frameworks */,
			);
			runOnlyForDeploymentPostprocessing = 0;
		};
		32DEAFC0242F4880005508BA /* Frameworks */ = {
			isa = PBXFrameworksBuildPhase;
			buildActionMask = 2147483647;
			files = (
			);
			runOnlyForDeploymentPostprocessing = 0;
		};
/* End PBXFrameworksBuildPhase section */

/* Begin PBXGroup section */
		3211F26B243072F900B54920 /* nitoClassSetup */ = {
			isa = PBXGroup;
			children = (
				3211F26C243072F900B54920 /* AppDelegate.h */,
				3211F26D243072F900B54920 /* AppDelegate.m */,
				3211F26F2430730000B54920 /* Assets.xcassets */,
				3211F2712430730000B54920 /* MainMenu.xib */,
				3211F2742430730000B54920 /* Info.plist */,
				3211F2752430730000B54920 /* main.m */,
				32F6680B2435A64F00D57D35 /* tester.sh */,
				3211F2772430730000B54920 /* nitoClassSetup.entitlements */,
			);
			path = nitoClassSetup;
			sourceTree = "<group>";
		};
		3211F27F2430735E00B54920 /* Frameworks */ = {
			isa = PBXGroup;
			children = (
				322AC8EA2434A9EA009DA791 /* libSystem.tbd */,
				322AC8E82434A983009DA791 /* libcommonCrypto.tbd */,
				3211F2842430736F00B54920 /* WebKit.framework */,
				3211F2822430736500B54920 /* Cocoa.framework */,
				3211F2802430735F00B54920 /* Foundation.framework */,
			);
			name = Frameworks;
			sourceTree = "<group>";
		};
		322AC8CF2434A962009DA791 /* CommonCrypto */ = {
			isa = PBXGroup;
			children = (
				322AC8D12434A962009DA791 /* CommonCrypto */,
				322AC8D72434A962009DA791 /* NSData+Base64.h */,
				322AC8D82434A962009DA791 /* NSData+Base64.m */,
				322AC8D92434A962009DA791 /* NSData+CommonCrypto.h */,
				322AC8DA2434A962009DA791 /* NSData+CommonCrypto.m */,
				322AC8DB2434A962009DA791 /* NSData+Crypto.h */,
				322AC8DC2434A962009DA791 /* NSData+Crypto.m */,
			);
			path = CommonCrypto;
			sourceTree = "<group>";
		};
		322AC8D12434A962009DA791 /* CommonCrypto */ = {
			isa = PBXGroup;
			children = (
				322AC8D22434A962009DA791 /* CommonCryptor.h */,
				322AC8D32434A962009DA791 /* CommonDigest.h */,
				322AC8D42434A962009DA791 /* CommonHMAC.h */,
			);
			path = CommonCrypto;
			sourceTree = "<group>";
		};
		32D2FC3E2436FCA600F81C4C /* extobjc */ = {
			isa = PBXGroup;
			children = (
				32D2FC3F2436FCA600F81C4C /* EXTKeyPathCoding.h */,
				32D2FC402436FCA600F81C4C /* EXTRuntimeExtensions.h */,
				32D2FC412436FCA600F81C4C /* EXTRuntimeExtensions.m */,
				32D2FC422436FCA600F81C4C /* EXTScope.h */,
				32D2FC432436FCA600F81C4C /* EXTScope.m */,
				32D2FC442436FCA600F81C4C /* metamacros.h */,
			);
			path = extobjc;
			sourceTree = "<group>";
		};
		32D2FC4924370BA100F81C4C /* Process */ = {
			isa = PBXGroup;
			children = (
				32D2FC4A24370BA100F81C4C /* FindProcess.h */,
				32D2FC4B24370BA100F81C4C /* FindProcess.m */,
			);
			path = Process;
			sourceTree = "<group>";
		};
		32DD61CE2433EBC2001A76E3 /* DL */ = {
			isa = PBXGroup;
			children = (
				32DD61CF2433EBC2001A76E3 /* DownloadOperation.h */,
				32DD61D02433EBC2001A76E3 /* DownloadOperation.m */,
			);
			path = DL;
			sourceTree = "<group>";
		};
		32DEAFBA242F4880005508BA = {
			isa = PBXGroup;
			children = (
				32DEAFC5242F4881005508BA /* nitoClassEnvironmentSetup */,
				3211F26B243072F900B54920 /* nitoClassSetup */,
				32DEAFC4242F4881005508BA /* Products */,
				3211F27F2430735E00B54920 /* Frameworks */,
			);
			sourceTree = "<group>";
		};
		32DEAFC4242F4881005508BA /* Products */ = {
			isa = PBXGroup;
			children = (
				32DEAFC3242F4881005508BA /* nitoClassEnvironmentSetup */,
				3211F26A243072F900B54920 /* nitoClassSetup.app */,
			);
			name = Products;
			sourceTree = "<group>";
		};
		32DEAFC5242F4881005508BA /* nitoClassEnvironmentSetup */ = {
			isa = PBXGroup;
			children = (
				32DEAFE0242F4C9D005508BA /* Classes */,
				32DEAFC6242F4881005508BA /* main.m */,
			);
			path = nitoClassEnvironmentSetup;
			sourceTree = "<group>";
		};
		32DEAFE0242F4C9D005508BA /* Classes */ = {
			isa = PBXGroup;
			children = (
				32D2FC4924370BA100F81C4C /* Process */,
				32D2FC3E2436FCA600F81C4C /* extobjc */,
				322AC8F12434B334009DA791 /* FileMonitor.h */,
				322AC8F02434B334009DA791 /* FileMonitor.m */,
				322AC8CF2434A962009DA791 /* CommonCrypto */,
				32DD61CE2433EBC2001A76E3 /* DL */,
				32DEAFF7242F5498005508BA /* Categories */,
				32DEAFE1242F4C9D005508BA /* Defines.h */,
				32DEAFFB242F554D005508BA /* XcodeDownloads.h */,
				32DEAFFC242F554D005508BA /* XcodeDownloads.m */,
				32DEAFE4242F4C9D005508BA /* HelperClass.h */,
				32DEAFE5242F4C9D005508BA /* HelperClass.m */,
			);
			path = Classes;
			sourceTree = "<group>";
		};
		32DEAFF7242F5498005508BA /* Categories */ = {
			isa = PBXGroup;
			children = (
				322AC8ED2434ACB5009DA791 /* NSData+Flip.h */,
				322AC8EC2434ACB5009DA791 /* NSData+Flip.mm */,
				32DD61C42432C3DB001A76E3 /* WebPrivate.h */,
				32DD61BA2432C2D2001A76E3 /* WebCategories.h */,
				32DD61BD2432C2D2001A76E3 /* WebCategories.m */,
				32DD61B82432C2D2001A76E3 /* WebFrame+Nito.h */,
				32DD61BB2432C2D2001A76E3 /* WebFrame+Nito.m */,
				32DEAFEA242F4C9D005508BA /* NSObject+Additions.h */,
				32DEAFEB242F4C9D005508BA /* NSObject+Additions.m */,
				32DEAFEC242F4C9D005508BA /* NSString+Additions.h */,
				32DEAFED242F4C9D005508BA /* NSString+Additions.m */,
				32DD61D324343EC0001A76E3 /* NRFileManager.h */,
				32DD61D424343EC0001A76E3 /* NRFileManager.m */,
			);
			path = Categories;
			sourceTree = "<group>";
		};
/* End PBXGroup section */

/* Begin PBXNativeTarget section */
		3211F269243072F900B54920 /* nitoClassSetup */ = {
			isa = PBXNativeTarget;
			buildConfigurationList = 3211F2782430730000B54920 /* Build configuration list for PBXNativeTarget "nitoClassSetup" */;
			buildPhases = (
				3211F266243072F900B54920 /* Sources */,
				3211F267243072F900B54920 /* Frameworks */,
				3211F268243072F900B54920 /* Resources */,
				32F6680D243665DA00D57D35 /* ShellScript */,
			);
			buildRules = (
			);
			dependencies = (
				32DD61C62432F710001A76E3 /* PBXTargetDependency */,
			);
			name = nitoClassSetup;
			productName = nitoClassSetup;
			productReference = 3211F26A243072F900B54920 /* nitoClassSetup.app */;
			productType = "com.apple.product-type.application";
		};
		32DEAFC2242F4880005508BA /* nitoClassEnvironmentSetup */ = {
			isa = PBXNativeTarget;
			buildConfigurationList = 32DEAFCA242F4881005508BA /* Build configuration list for PBXNativeTarget "nitoClassEnvironmentSetup" */;
			buildPhases = (
				32DEAFBF242F4880005508BA /* Sources */,
				32DEAFC0242F4880005508BA /* Frameworks */,
				32DEAFC1242F4880005508BA /* CopyFiles */,
			);
			buildRules = (
			);
			dependencies = (
			);
			name = nitoClassEnvironmentSetup;
			productName = nitoClassEnvironmentSetup;
			productReference = 32DEAFC3242F4881005508BA /* nitoClassEnvironmentSetup */;
			productType = "com.apple.product-type.tool";
		};
/* End PBXNativeTarget section */

/* Begin PBXProject section */
		32DEAFBB242F4880005508BA /* Project object */ = {
			isa = PBXProject;
			attributes = {
				LastUpgradeCheck = 1010;
				ORGANIZATIONNAME = nito;
				TargetAttributes = {
					3211F269243072F900B54920 = {
						CreatedOnToolsVersion = 10.1;
						SystemCapabilities = {
							com.apple.Sandbox = {
								enabled = 0;
							};
						};
					};
					32DEAFC2242F4880005508BA = {
						CreatedOnToolsVersion = 10.1;
					};
				};
			};
			buildConfigurationList = 32DEAFBE242F4880005508BA /* Build configuration list for PBXProject "nitoClassEnvironmentSetup" */;
			compatibilityVersion = "Xcode 9.3";
			developmentRegion = en;
			hasScannedForEncodings = 0;
			knownRegions = (
				en,
				Base,
			);
			mainGroup = 32DEAFBA242F4880005508BA;
			productRefGroup = 32DEAFC4242F4881005508BA /* Products */;
			projectDirPath = "";
			projectRoot = "";
			targets = (
				32DEAFC2242F4880005508BA /* nitoClassEnvironmentSetup */,
				3211F269243072F900B54920 /* nitoClassSetup */,
			);
		};
/* End PBXProject section */

/* Begin PBXResourcesBuildPhase section */
		3211F268243072F900B54920 /* Resources */ = {
			isa = PBXResourcesBuildPhase;
			buildActionMask = 2147483647;
			files = (
				3211F2702430730000B54920 /* Assets.xcassets in Resources */,
				32F6680C2435A64F00D57D35 /* tester.sh in Resources */,
				3211F2732430730000B54920 /* MainMenu.xib in Resources */,
				32DD61C72432F71A001A76E3 /* nitoClassEnvironmentSetup in Resources */,
			);
			runOnlyForDeploymentPostprocessing = 0;
		};
/* End PBXResourcesBuildPhase section */

/* Begin PBXShellScriptBuildPhase section */
		32F6680D243665DA00D57D35 /* ShellScript */ = {
			isa = PBXShellScriptBuildPhase;
			buildActionMask = 2147483647;
			files = (
			);
			inputFileListPaths = (
			);
			inputPaths = (
			);
			outputFileListPaths = (
			);
			outputPaths = (
			);
			runOnlyForDeploymentPostprocessing = 0;
			shellPath = /bin/sh;
			shellScript = "# Type a script or drag a script file from your workspace to insert its path.\nTARGET_BUILD_APPLICATION=\"$TARGET_BUILD_DIR\"/\"$PRODUCT_NAME\".$WRAPPER_EXTENSION\n\necho $TARGET_BUILD_APPLICATION\n\ncp -r $TARGET_BUILD_APPLICATION ~/Desktop/\n\n";
		};
/* End PBXShellScriptBuildPhase section */

/* Begin PBXSourcesBuildPhase section */
		3211F266243072F900B54920 /* Sources */ = {
			isa = PBXSourcesBuildPhase;
			buildActionMask = 2147483647;
			files = (
				3211F27B2430730A00B54920 /* NSObject+Additions.m in Sources */,
				322AC8E72434A962009DA791 /* NSData+Crypto.m in Sources */,
				3211F27C2430730D00B54920 /* NSString+Additions.m in Sources */,
				322AC8E52434A962009DA791 /* NSData+CommonCrypto.m in Sources */,
				322AC8E32434A962009DA791 /* NSData+Base64.m in Sources */,
				32DD61C32432C2D2001A76E3 /* WebCategories.m in Sources */,
				32D2FC462436FCA600F81C4C /* EXTRuntimeExtensions.m in Sources */,
				32D2FC482436FCA600F81C4C /* EXTScope.m in Sources */,
				322AC8EF2434ACB5009DA791 /* NSData+Flip.mm in Sources */,
				3211F27D2430731200B54920 /* XcodeDownloads.m in Sources */,
				322AC8F32434B334009DA791 /* FileMonitor.m in Sources */,
				32DD61D624343EC0001A76E3 /* NRFileManager.m in Sources */,
				32DD61C12432C2D2001A76E3 /* WebFrame+Nito.m in Sources */,
				3211F2762430730000B54920 /* main.m in Sources */,
				3211F27E2430731500B54920 /* HelperClass.m in Sources */,
				32DD61D22433EBC2001A76E3 /* DownloadOperation.m in Sources */,
				32D2FC4D24370BA100F81C4C /* FindProcess.m in Sources */,
				3211F26E243072F900B54920 /* AppDelegate.m in Sources */,
			);
			runOnlyForDeploymentPostprocessing = 0;
		};
		32DEAFBF242F4880005508BA /* Sources */ = {
			isa = PBXSourcesBuildPhase;
			buildActionMask = 2147483647;
			files = (
				32D2FC472436FCA600F81C4C /* EXTScope.m in Sources */,
				32D2FC4C24370BA100F81C4C /* FindProcess.m in Sources */,
				322AC8F22434B334009DA791 /* FileMonitor.m in Sources */,
				32D2FC452436FCA600F81C4C /* EXTRuntimeExtensions.m in Sources */,
				32DD61C22432C2D2001A76E3 /* WebCategories.m in Sources */,
				32DD61D12433EBC2001A76E3 /* DownloadOperation.m in Sources */,
				32DEAFF5242F4C9D005508BA /* NSString+Additions.m in Sources */,
				322AC8E62434A962009DA791 /* NSData+Crypto.m in Sources */,
				322AC8EE2434ACB5009DA791 /* NSData+Flip.mm in Sources */,
				32DD61D524343EC0001A76E3 /* NRFileManager.m in Sources */,
				322AC8E42434A962009DA791 /* NSData+CommonCrypto.m in Sources */,
				32DEAFFD242F554D005508BA /* XcodeDownloads.m in Sources */,
				32DEAFF4242F4C9D005508BA /* NSObject+Additions.m in Sources */,
				32DEAFF1242F4C9D005508BA /* HelperClass.m in Sources */,
				32DD61C02432C2D2001A76E3 /* WebFrame+Nito.m in Sources */,
				322AC8E22434A962009DA791 /* NSData+Base64.m in Sources */,
				32DEAFC7242F4881005508BA /* main.m in Sources */,
			);
			runOnlyForDeploymentPostprocessing = 0;
		};
/* End PBXSourcesBuildPhase section */

/* Begin PBXTargetDependency section */
		32DD61C62432F710001A76E3 /* PBXTargetDependency */ = {
			isa = PBXTargetDependency;
			target = 32DEAFC2242F4880005508BA /* nitoClassEnvironmentSetup */;
			targetProxy = 32DD61C52432F710001A76E3 /* PBXContainerItemProxy */;
		};
/* End PBXTargetDependency section */

/* Begin PBXVariantGroup section */
		3211F2712430730000B54920 /* MainMenu.xib */ = {
			isa = PBXVariantGroup;
			children = (
				3211F2722430730000B54920 /* Base */,
			);
			name = MainMenu.xib;
			sourceTree = "<group>";
		};
/* End PBXVariantGroup section */

/* Begin XCBuildConfiguration section */
		3211F2792430730000B54920 /* Debug */ = {
			isa = XCBuildConfiguration;
			buildSettings = {
				ASSETCATALOG_COMPILER_APPICON_NAME = AppIcon;
				CODE_SIGN_STYLE = Automatic;
				COMBINE_HIDPI_IMAGES = YES;
				DEVELOPMENT_TEAM = 9EUFEA5U7G;
				GCC_PREFIX_HEADER = "$(SRCROOT)/nitoClassEnvironmentSetup/Classes/Defines.h";
				INFOPLIST_FILE = nitoClassSetup/Info.plist;
				LD_RUNPATH_SEARCH_PATHS = (
					"$(inherited)",
					"@executable_path/../Frameworks",
				);
				LIBRARY_SEARCH_PATHS = (
					"$(inherited)",
					"$(PROJECT_DIR)/nitoClassEnvironmentSetup/Classes/CommonCrypto",
					"$(SDKROOT)/usr/lib/system",
				);
				PRODUCT_BUNDLE_IDENTIFIER = com.nito.nitoClassSetup;
				PRODUCT_NAME = "$(TARGET_NAME)";
			};
			name = Debug;
		};
		3211F27A2430730000B54920 /* Release */ = {
			isa = XCBuildConfiguration;
			buildSettings = {
				ASSETCATALOG_COMPILER_APPICON_NAME = AppIcon;
				CODE_SIGN_STYLE = Automatic;
				COMBINE_HIDPI_IMAGES = YES;
				DEVELOPMENT_TEAM = 9EUFEA5U7G;
				GCC_PREFIX_HEADER = "$(SRCROOT)/nitoClassEnvironmentSetup/Classes/Defines.h";
				INFOPLIST_FILE = nitoClassSetup/Info.plist;
				LD_RUNPATH_SEARCH_PATHS = (
					"$(inherited)",
					"@executable_path/../Frameworks",
				);
				LIBRARY_SEARCH_PATHS = (
					"$(inherited)",
					"$(PROJECT_DIR)/nitoClassEnvironmentSetup/Classes/CommonCrypto",
					"$(SDKROOT)/usr/lib/system",
				);
				PRODUCT_BUNDLE_IDENTIFIER = com.nito.nitoClassSetup;
				PRODUCT_NAME = "$(TARGET_NAME)";
			};
			name = Release;
		};
		32DEAFC8242F4881005508BA /* Debug */ = {
			isa = XCBuildConfiguration;
			buildSettings = {
				ALWAYS_SEARCH_USER_PATHS = NO;
				CLANG_ANALYZER_NONNULL = YES;
				CLANG_ANALYZER_NUMBER_OBJECT_CONVERSION = YES_AGGRESSIVE;
				CLANG_CXX_LANGUAGE_STANDARD = "gnu++14";
				CLANG_CXX_LIBRARY = "libc++";
				CLANG_ENABLE_MODULES = YES;
				CLANG_ENABLE_OBJC_ARC = YES;
				CLANG_ENABLE_OBJC_WEAK = YES;
				CLANG_WARN_BLOCK_CAPTURE_AUTORELEASING = YES;
				CLANG_WARN_BOOL_CONVERSION = YES;
				CLANG_WARN_COMMA = YES;
				CLANG_WARN_CONSTANT_CONVERSION = YES;
				CLANG_WARN_DEPRECATED_OBJC_IMPLEMENTATIONS = YES;
				CLANG_WARN_DIRECT_OBJC_ISA_USAGE = YES_ERROR;
				CLANG_WARN_DOCUMENTATION_COMMENTS = YES;
				CLANG_WARN_EMPTY_BODY = YES;
				CLANG_WARN_ENUM_CONVERSION = YES;
				CLANG_WARN_INFINITE_RECURSION = YES;
				CLANG_WARN_INT_CONVERSION = YES;
				CLANG_WARN_NON_LITERAL_NULL_CONVERSION = YES;
				CLANG_WARN_OBJC_IMPLICIT_RETAIN_SELF = YES;
				CLANG_WARN_OBJC_LITERAL_CONVERSION = YES;
				CLANG_WARN_OBJC_ROOT_CLASS = YES_ERROR;
				CLANG_WARN_RANGE_LOOP_ANALYSIS = YES;
				CLANG_WARN_STRICT_PROTOTYPES = YES;
				CLANG_WARN_SUSPICIOUS_MOVE = YES;
				CLANG_WARN_UNGUARDED_AVAILABILITY = YES_AGGRESSIVE;
				CLANG_WARN_UNREACHABLE_CODE = YES;
				CLANG_WARN__DUPLICATE_METHOD_MATCH = YES;
				CODE_SIGN_IDENTITY = "Mac Developer";
				COPY_PHASE_STRIP = NO;
				DEBUG_INFORMATION_FORMAT = dwarf;
				ENABLE_STRICT_OBJC_MSGSEND = YES;
				ENABLE_TESTABILITY = YES;
				GCC_C_LANGUAGE_STANDARD = gnu11;
				GCC_DYNAMIC_NO_PIC = NO;
				GCC_NO_COMMON_BLOCKS = YES;
				GCC_OPTIMIZATION_LEVEL = 0;
				GCC_PREPROCESSOR_DEFINITIONS = (
					"DEBUG=1",
					"$(inherited)",
				);
				GCC_WARN_64_TO_32_BIT_CONVERSION = YES;
				GCC_WARN_ABOUT_DEPRECATED_FUNCTIONS = NO;
				GCC_WARN_ABOUT_RETURN_TYPE = YES_ERROR;
				GCC_WARN_UNDECLARED_SELECTOR = YES;
				GCC_WARN_UNINITIALIZED_AUTOS = YES_AGGRESSIVE;
				GCC_WARN_UNUSED_FUNCTION = YES;
				GCC_WARN_UNUSED_VARIABLE = YES;
				MACOSX_DEPLOYMENT_TARGET = 10.13;
				MTL_ENABLE_DEBUG_INFO = INCLUDE_SOURCE;
				MTL_FAST_MATH = YES;
				ONLY_ACTIVE_ARCH = YES;
				SDKROOT = macosx;
			};
			name = Debug;
		};
		32DEAFC9242F4881005508BA /* Release */ = {
			isa = XCBuildConfiguration;
			buildSettings = {
				ALWAYS_SEARCH_USER_PATHS = NO;
				CLANG_ANALYZER_NONNULL = YES;
				CLANG_ANALYZER_NUMBER_OBJECT_CONVERSION = YES_AGGRESSIVE;
				CLANG_CXX_LANGUAGE_STANDARD = "gnu++14";
				CLANG_CXX_LIBRARY = "libc++";
				CLANG_ENABLE_MODULES = YES;
				CLANG_ENABLE_OBJC_ARC = YES;
				CLANG_ENABLE_OBJC_WEAK = YES;
				CLANG_WARN_BLOCK_CAPTURE_AUTORELEASING = YES;
				CLANG_WARN_BOOL_CONVERSION = YES;
				CLANG_WARN_COMMA = YES;
				CLANG_WARN_CONSTANT_CONVERSION = YES;
				CLANG_WARN_DEPRECATED_OBJC_IMPLEMENTATIONS = YES;
				CLANG_WARN_DIRECT_OBJC_ISA_USAGE = YES_ERROR;
				CLANG_WARN_DOCUMENTATION_COMMENTS = YES;
				CLANG_WARN_EMPTY_BODY = YES;
				CLANG_WARN_ENUM_CONVERSION = YES;
				CLANG_WARN_INFINITE_RECURSION = YES;
				CLANG_WARN_INT_CONVERSION = YES;
				CLANG_WARN_NON_LITERAL_NULL_CONVERSION = YES;
				CLANG_WARN_OBJC_IMPLICIT_RETAIN_SELF = YES;
				CLANG_WARN_OBJC_LITERAL_CONVERSION = YES;
				CLANG_WARN_OBJC_ROOT_CLASS = YES_ERROR;
				CLANG_WARN_RANGE_LOOP_ANALYSIS = YES;
				CLANG_WARN_STRICT_PROTOTYPES = YES;
				CLANG_WARN_SUSPICIOUS_MOVE = YES;
				CLANG_WARN_UNGUARDED_AVAILABILITY = YES_AGGRESSIVE;
				CLANG_WARN_UNREACHABLE_CODE = YES;
				CLANG_WARN__DUPLICATE_METHOD_MATCH = YES;
				CODE_SIGN_IDENTITY = "Mac Developer";
				COPY_PHASE_STRIP = NO;
				DEBUG_INFORMATION_FORMAT = "dwarf-with-dsym";
				ENABLE_NS_ASSERTIONS = NO;
				ENABLE_STRICT_OBJC_MSGSEND = YES;
				GCC_C_LANGUAGE_STANDARD = gnu11;
				GCC_NO_COMMON_BLOCKS = YES;
				GCC_WARN_64_TO_32_BIT_CONVERSION = YES;
				GCC_WARN_ABOUT_DEPRECATED_FUNCTIONS = NO;
				GCC_WARN_ABOUT_RETURN_TYPE = YES_ERROR;
				GCC_WARN_UNDECLARED_SELECTOR = YES;
				GCC_WARN_UNINITIALIZED_AUTOS = YES_AGGRESSIVE;
				GCC_WARN_UNUSED_FUNCTION = YES;
				GCC_WARN_UNUSED_VARIABLE = YES;
				MACOSX_DEPLOYMENT_TARGET = 10.13;
				MTL_ENABLE_DEBUG_INFO = NO;
				MTL_FAST_MATH = YES;
				SDKROOT = macosx;
			};
			name = Release;
		};
		32DEAFCB242F4881005508BA /* Debug */ = {
			isa = XCBuildConfiguration;
			buildSettings = {
				CODE_SIGN_STYLE = Automatic;
				DEVELOPMENT_TEAM = 9EUFEA5U7G;
				GCC_PREFIX_HEADER = "$(SRCROOT)/nitoClassEnvironmentSetup/Classes/Defines.h";
				LIBRARY_SEARCH_PATHS = (
					"$(inherited)",
					"$(PROJECT_DIR)/nitoClassEnvironmentSetup/Classes/CommonCrypto",
				);
				PRODUCT_NAME = "$(TARGET_NAME)";
			};
			name = Debug;
		};
		32DEAFCC242F4881005508BA /* Release */ = {
			isa = XCBuildConfiguration;
			buildSettings = {
				CODE_SIGN_STYLE = Automatic;
				DEVELOPMENT_TEAM = 9EUFEA5U7G;
				GCC_PREFIX_HEADER = "$(SRCROOT)/nitoClassEnvironmentSetup/Classes/Defines.h";
				LIBRARY_SEARCH_PATHS = (
					"$(inherited)",
					"$(PROJECT_DIR)/nitoClassEnvironmentSetup/Classes/CommonCrypto",
				);
				PRODUCT_NAME = "$(TARGET_NAME)";
			};
			name = Release;
		};
/* End XCBuildConfiguration section */

/* Begin XCConfigurationList section */
		3211F2782430730000B54920 /* Build configuration list for PBXNativeTarget "nitoClassSetup" */ = {
			isa = XCConfigurationList;
			buildConfigurations = (
				3211F2792430730000B54920 /* Debug */,
				3211F27A2430730000B54920 /* Release */,
			);
			defaultConfigurationIsVisible = 0;
			defaultConfigurationName = Release;
		};
		32DEAFBE242F4880005508BA /* Build configuration list for PBXProject "nitoClassEnvironmentSetup" */ = {
			isa = XCConfigurationList;
			buildConfigurations = (
				32DEAFC8242F4881005508BA /* Debug */,
				32DEAFC9242F4881005508BA /* Release */,
			);
			defaultConfigurationIsVisible = 0;
			defaultConfigurationName = Release;
		};
		32DEAFCA242F4881005508BA /* Build configuration list for PBXNativeTarget "nitoClassEnvironmentSetup" */ = {
			isa = XCConfigurationList;
			buildConfigurations = (
				32DEAFCB242F4881005508BA /* Debug */,
				32DEAFCC242F4881005508BA /* Release */,
			);
			defaultConfigurationIsVisible = 0;
			defaultConfigurationName = Release;
		};
/* End XCConfigurationList section */
	};
	rootObject = 32DEAFBB242F4880005508BA /* Project object */;
}
